{
  "requires": true,
  "lockfileVersion": 1,
  "dependencies": {
    "chat-bubble": {
      "version": "1.5.0",
      "resolved": "https://registry.npmjs.org/chat-bubble/-/chat-bubble-1.5.0.tgz",
      "integrity": "sha512-OOAlCSjAGKmqcPdhbZXby0owNIuofxjlLyS4Xt5lSfgX8758KwbzYrTiP1yY7zxL8k9+qhYlYP7wSKaRaGkA4Q=="
    }
  }
}
